{
  "name": "type-demo",
  "version": "1.0.0",
  "lockfileVersion": 1,
  "requires": true,
  "dependencies": {
    "@types/baidumap-web-sdk": {
      "version": "0.0.4",
      "resolved": "https://registry.npmjs.org/@types/baidumap-web-sdk/-/baidumap-web-sdk-0.0.4.tgz",
      "integrity": "sha512-TFfzB3U9sN7+GNA02nfNT1q/+E1GEwY/+QjtFOFFIYGd57YIvfpHvrfh5O94+zudf7WWXiu8WynqZq4r7x09vA=="
    }
  }
}
